{
    "_meta": {
        "hash": {
            "sha256": "c48d0d69009b111f501ee7b95a6d7e58d26d8809a0c5794bf6ad0fb2c4ded254"
        },
        "pipfile-spec": 6,
        "requires": {
            "python_version": "3"
        },
        "sources": [
            {
                "name": "pypi",
                "url": "https://pypi.org/simple",
                "verify_ssl": true
            },
            {
                "name": "piwheels",
                "url": "https://www.piwheels.org/simple",
                "verify_ssl": true
            }
        ]
    },
    "default": {
        "bleak": {
            "hashes": [
                "sha256:6c92a47abe34e6dea8ffc5cea9457cbff6e1be966854839dbc25cddb36b79ee4",
                "sha256:ce3106b7258212d92bb77be06f9301774f51f5bbc9f7cd50976ad794e9514dba"
            ],
            "index": "pypi",
            "version": "==0.20.2"
        },
        "dbus-fast": {
            "hashes": [
                "sha256:12bfeee247471e48f436b7be4b6700a533cd8e0de63215a6ee89cf5a9d9d72f9",
                "sha256:1cd4ac8b815f4aefc7cbf5325a18165c2f68205228b6068738da7a902f354b99",
                "sha256:208547a09e50e08e8573d623ae42111633e2f5e601e9fda58523635d84a4d513",
                "sha256:396c221ca1831b35265f9138cc316353048db397c02ee00575a9f242b8d1fe2c",
                "sha256:43443b26bb1f86c965f87d3d44527d70c24356da1d39cb24b595bed6af903507",
                "sha256:5a207cd3c40216ed9f19d97bb9a7bcf5ae43fa82ebcd44edfb83a22b51e033e4",
                "sha256:66a606153c23aaf59ee0a19f730155bf675ea2b10ab782923939214b3a18b98e",
                "sha256:6b75f529e75d7fc7c6b64cabeb6e8b7eb44a240b236dc11bc3f1c48c073db0f9",
                "sha256:723352367763980219638ff22301a9870d169cbb9b2f3bbd980b62c999b14aa6",
                "sha256:764f1be2e2bce0ca95006c02f707d1842153b53fccb7e994fc0cb49fc0b7ee89",
                "sha256:77ecdc56fb0619ade1d84f02789a6ea78eb5ca45fcaae45523e7be374d529b75",
                "sha256:90bdf6e45a1162f35637f0ccd104d486abba2f98457037b08896fa4c0f4770bd",
                "sha256:973ccb72032ce4ba82287a2c2a06d08e1184f2b868bcdad360cf45bf189dbb42",
                "sha256:98cd109393c75d962bc058ce641b3dfb94fa0e7e894b0d4faacf112790469e2d",
                "sha256:99464f428219dc780464cec242201a4eba7bef376b7fa4530107d37676398b5e",
                "sha256:a2ce040002e4e99d9aa898ad831b5d635bcca7ca924a8edfa60a4ba9496f4aa8",
                "sha256:a60ed042424ba0da9c6d728f1e0ad7045124c88917c1c4ccf933a4dd37619a57",
                "sha256:ab6f578ce18c80a81b572022cbb53a72ca9874820a4bcaae4a0fe3b036d51d93",
                "sha256:ac65d0490053317fecd4eabbc8ef9199d139e2ef51ba2cb38559d6e0be7e45bc",
                "sha256:ba94512c59f0b5dfe9f6fbc38bac8c0438e1c08ddbc5076d36e290ed82073c36",
                "sha256:c1208e01fb3240d2e039f3ebe886b65bc3e9ae5e29d2012ff009ec6a0197c19b",
                "sha256:ccda1bb738c630ac4eb059199b0469ac1d491ceca805e2ffcdfc7876b0638d5c",
                "sha256:d5893fd7318e47bee9f2f4ac22d6ca1e287292316016c8762b06d1d6d8e7960e",
                "sha256:d7ac0c4013cd20fa5f551c4139a9bd2c6a4b115b9525a22f0f248677efa2159e",
                "sha256:dcfdc6de0e850413e96df0b341b628420055466e9dbcb8eca5763271d94651a7",
                "sha256:e6316c4261cfb228c763de8a8dac63b0d2721a4882f2ec4b72006cc22bb03d26",
                "sha256:ecd4d80d3f55cb583a49c87f09cbeea56948b156aa25cd3608df10ba72fdd507",
                "sha256:ee9c0b1c1565c1104d9faddecb3f608b95b0e4f426ff97cb38a8506bc6d32fd1",
                "sha256:fa475636dcb7a48517f87f42d5b485c7cb334b80c941c6f1a402d68b22a4f8dc",
                "sha256:ff50546a527c82533f616dd1fd0174117e55a2226e247b8583217a5d248f3a51"
            ],
            "markers": "platform_system == 'Linux'",
            "version": "==1.91.1"
        },
        "numpy": {
            "hashes": [
                "sha256:0d60fbae8e0019865fc4784745814cff1c421df5afee233db6d88ab4f14655a2",
                "sha256:1a1329e26f46230bf77b02cc19e900db9b52f398d6722ca853349a782d4cff55",
                "sha256:1b9735c27cea5d995496f46a8b1cd7b408b3f34b6d50459d9ac8fe3a20cc17bf",
                "sha256:2792d23d62ec51e50ce4d4b7d73de8f67a2fd3ea710dcbc8563a51a03fb07b01",
                "sha256:3e0746410e73384e70d286f93abf2520035250aad8c5714240b0492a7302fdca",
                "sha256:4c3abc71e8b6edba80a01a52e66d83c5d14433cbcd26a40c329ec7ed09f37901",
                "sha256:5883c06bb92f2e6c8181df7b39971a5fb436288db58b5a1c3967702d4278691d",
                "sha256:5c97325a0ba6f9d041feb9390924614b60b99209a71a69c876f71052521d42a4",
                "sha256:60e7f0f7f6d0eee8364b9a6304c2845b9c491ac706048c7e8cf47b83123b8dbf",
                "sha256:76b4115d42a7dfc5d485d358728cdd8719be33cc5ec6ec08632a5d6fca2ed380",
                "sha256:7dc869c0c75988e1c693d0e2d5b26034644399dd929bc049db55395b1379e044",
                "sha256:834b386f2b8210dca38c71a6e0f4fd6922f7d3fcff935dbe3a570945acb1b545",
                "sha256:8b77775f4b7df768967a7c8b3567e309f617dd5e99aeb886fa14dc1a0791141f",
                "sha256:90319e4f002795ccfc9050110bbbaa16c944b1c37c0baeea43c5fb881693ae1f",
                "sha256:b79e513d7aac42ae918db3ad1341a015488530d0bb2a6abcbdd10a3a829ccfd3",
                "sha256:bb33d5a1cf360304754913a350edda36d5b8c5331a8237268c48f91253c3a364",
                "sha256:bec1e7213c7cb00d67093247f8c4db156fd03075f49876957dca4711306d39c9",
                "sha256:c5462d19336db4560041517dbb7759c21d181a67cb01b36ca109b2ae37d32418",
                "sha256:c5652ea24d33585ea39eb6a6a15dac87a1206a692719ff45d53c5282e66d4a8f",
                "sha256:d7806500e4f5bdd04095e849265e55de20d8cc4b661b038957354327f6d9b295",
                "sha256:db3ccc4e37a6873045580d413fe79b68e47a681af8db2e046f1dacfa11f86eb3",
                "sha256:dfe4a913e29b418d096e696ddd422d8a5d13ffba4ea91f9f60440a3b759b0187",
                "sha256:eb942bfb6f84df5ce05dbf4b46673ffed0d3da59f13635ea9b926af3deb76926",
                "sha256:f08f2e037bba04e707eebf4bc934f1972a315c883a9e0ebfa8a7756eabf9e357",
                "sha256:fd608e19c8d7c55021dffd43bfe5492fab8cc105cc8986f813f8c3c048b38760"
            ],
            "index": "pypi",
            "version": "==1.25.2"
        },
        "opencv-python": {
            "hashes": [
                "sha256:48eb3121d809a873086d6677565e3ac963e6946110d13cd115533fa70e2aa2eb",
                "sha256:56d84c43ce800938b9b1ec74b33942b2edbcef3f70c2754eb9bfe5dff1ee3ace",
                "sha256:67bce4b9aad307c98a9a07c6afb7de3a4e823c1f4991d6d8e88e229e7dfeee59",
                "sha256:93871871b1c9d6b125cddd45b0638a2fa01ee9fd37f5e428823f750e404f2f15",
                "sha256:9bcb4944211acf13742dbfd9d3a11dc4e36353ffa1746f2c7dcd6a01c32d1376",
                "sha256:b2349dc9f97ed6c9ba163d0a7a24bcef9695a3e216cd143e92f1b9659c5d9a49",
                "sha256:ba32cfa75a806abd68249699d34420737d27b5678553387fc5768747a6492147"
            ],
            "index": "pypi",
            "version": "==4.8.0.76"
        }
    },
    "develop": {}
}
