{
    "_meta": {
        "hash": {
            "sha256": "c48d0d69009b111f501ee7b95a6d7e58d26d8809a0c5794bf6ad0fb2c4ded254"
        },
        "pipfile-spec": 6,
        "requires": {
            "python_version": "3"
        },
        "sources": [
            {
                "name": "pypi",
                "url": "https://pypi.org/simple",
                "verify_ssl": true
            },
            {
                "name": "piwheels",
                "url": "https://www.piwheels.org/simple",
                "verify_ssl": true
            }
        ]
    },
    "default": {
        "bleak": {
            "hashes": [
                "sha256:ccec260a0f5ec02dd133d68b0351c0151b2ecf3ddd0bcabc4c04a1cdd7f33256",
                "sha256:ec4a1a2772fb315b992cbaa1153070c7e26968a52b0e2727035f443a1af5c18f"
            ],
            "index": "pypi",
            "markers": "python_version < '3.13' and python_version >= '3.8'",
            "version": "==0.21.1"
        },
        "dbus-fast": {
            "hashes": [
                "sha256:037d4396dd94515639b9b07110f5a2323122c1722589342af48acb08c5e8d4ac",
                "sha256:0891d96a5a06813c94a245c382cde5cadd042ef40f2eef0ded056b5bb1b9e8ec",
                "sha256:0d202f58e76ea54ff433827530fd9b2b29ec2df524d1f180903fcd543a4af2e1",
                "sha256:3c5c9320ceeb0d52047c4621c7abe9e116e3b9875ff9efdd20904d349411cfee",
                "sha256:3d68dc7efab4d793ee027643a5d0d796c8c73d962007647eb4ac90dff21db893",
                "sha256:3f389a0c41b02b7638dfa1fa463535717a99f5cfbe17e049e07107a109d63783",
                "sha256:4875f78a85987407cb31bdeee3f4613849dd368bc6abf911caac5ace1870a1a9",
                "sha256:58f6adca2ac76f0057a3be307cb0339de1de2879d078e6832cfda36c6277ff68",
                "sha256:5f45a3ca648b1637df50398dceba3e570258c1b3dad43f4a72b4fd95b6b23f11",
                "sha256:6127305044a1adde529284dfb453609bdba3bdc4f21ccb7cd9c5cdf798f2b806",
                "sha256:666f393eb514b98859f177250332a76c5036fa7b3da8d88e7e4cbc3d8e58daec",
                "sha256:6869bc6734bb98471a90471ead59584e76d26f8ce731e1bd72acff97d90c2ddf",
                "sha256:6d3359ee7168ac5e38309842fdb98e2169bbfcb844c75e7a1e3f6d3c63df5cc8",
                "sha256:6efcbf35c9afb2bc803a4d75071356e1bba247ba24895b03f29a66941bfbe149",
                "sha256:728e73d1644694a90c576995f3a0fd410f9e23fbc1f892271819ed3bb1cf8379",
                "sha256:7c061aa6f8042b61d1e05e2af7373bbbe3ccd8c9ecaad0bd6809f458e39548bb",
                "sha256:7f9174f7c1d5a6310e84c74b4577d4c2d1ed68c27a46a4162ed9c22e5a0a8d71",
                "sha256:873c2cea233e775c0c8056f87e07cef042142b81e45fbc1ce0cf42b11f8111b5",
                "sha256:8830860e688da70d58e45e88d8d88341556065009a69c841ede089328c3397f9",
                "sha256:885c9becb9ce222750d503af5cbdb1dd71d9364b51b6f953408098d420844f55",
                "sha256:8ebc75cee65d523ee5e82477396b24525af20cac84f688b6d5c439942e691424",
                "sha256:912ea31378def683cfecf04cadb85742d997fed595be4bfa5eb4f272ca8f61ca",
                "sha256:9d5726969455b513ce74741da7d527febee3fd036121487ef8e040caaa0c873d",
                "sha256:a3f5b2832499f5d286ab0b52316bee53a95f0ac7929a292565cad52b8857ca28",
                "sha256:a6a34a3909e2f81b3bcde945ea2c292e58b64cf7d7fddea968d71400c681353a",
                "sha256:a7734efeee75089c802c3f6554cd04bf8c4221e5c56f30400edb146035ae9204",
                "sha256:c18f77b10a300941b62e213f41507d3c361ac684ae3c06ca04c67bb059411dad",
                "sha256:c31c026c0677716751b99220ced2545d40189f7a7bab0fd6f961f9d7cc3c4a17",
                "sha256:c998e6652c1e360e976058f50501ea270fff55c9f116974f7a9151d93fbae2e7",
                "sha256:d64a03a247afcbb58356b07663ff50a1861115091cc80d4368f87e48dcc50669",
                "sha256:e352047ec88cc5b285839d3f22d65bcdc542f2b4e4f0e9a3b7268a06ec8ebb45",
                "sha256:eab8fee83400a3ebd7c74f27dd115e59f163d3c971a244cc5c3040279c53d895",
                "sha256:f05082d7eb0e7c36d955caabc2a47eb2826cad643c94068c6b1dd8b4f4e49e5b",
                "sha256:fa46948c15b276e69f23a4d32076049b97a51e85da3b4da5211f23964ce40579"
            ],
            "markers": "platform_system == 'Linux'",
            "version": "==2.13.1"
        },
        "numpy": {
            "hashes": [
                "sha256:06fa1ed84aa60ea6ef9f91ba57b5ed963c3729534e6e54055fc151fad0423f0a",
                "sha256:174a8880739c16c925799c018f3f55b8130c1f7c8e75ab0a6fa9d41cab092fd6",
                "sha256:1a13860fdcd95de7cf58bd6f8bc5a5ef81c0b0625eb2c9a783948847abbef2c2",
                "sha256:1cc3d5029a30fb5f06704ad6b23b35e11309491c999838c31f124fee32107c79",
                "sha256:22f8fc02fdbc829e7a8c578dd8d2e15a9074b630d4da29cda483337e300e3ee9",
                "sha256:26c9d33f8e8b846d5a65dd068c14e04018d05533b348d9eaeef6c1bd787f9919",
                "sha256:2b3fca8a5b00184828d12b073af4d0fc5fdd94b1632c2477526f6bd7842d700d",
                "sha256:2beef57fb031dcc0dc8fa4fe297a742027b954949cabb52a2a376c144e5e6060",
                "sha256:36340109af8da8805d8851ef1d74761b3b88e81a9bd80b290bbfed61bd2b4f75",
                "sha256:3703fc9258a4a122d17043e57b35e5ef1c5a5837c3db8be396c82e04c1cf9b0f",
                "sha256:3ced40d4e9e18242f70dd02d739e44698df3dcb010d31f495ff00a31ef6014fe",
                "sha256:4a06263321dfd3598cacb252f51e521a8cb4b6df471bb12a7ee5cbab20ea9167",
                "sha256:4eb8df4bf8d3d90d091e0146f6c28492b0be84da3e409ebef54349f71ed271ef",
                "sha256:5d5244aabd6ed7f312268b9247be47343a654ebea52a60f002dc70c769048e75",
                "sha256:64308ebc366a8ed63fd0bf426b6a9468060962f1a4339ab1074c228fa6ade8e3",
                "sha256:6a3cdb4d9c70e6b8c0814239ead47da00934666f668426fc6e94cce869e13fd7",
                "sha256:854ab91a2906ef29dc3925a064fcd365c7b4da743f84b123002f6139bcb3f8a7",
                "sha256:94cc3c222bb9fb5a12e334d0479b97bb2df446fbe622b470928f5284ffca3f8d",
                "sha256:96ca5482c3dbdd051bcd1fce8034603d6ebfc125a7bd59f55b40d8f5d246832b",
                "sha256:a2bbc29fcb1771cd7b7425f98b05307776a6baf43035d3b80c4b0f29e9545186",
                "sha256:a4cd6ed4a339c21f1d1b0fdf13426cb3b284555c27ac2f156dfdaaa7e16bfab0",
                "sha256:aa18428111fb9a591d7a9cc1b48150097ba6a7e8299fb56bdf574df650e7d1f1",
                "sha256:aa317b2325f7aa0a9471663e6093c210cb2ae9c0ad824732b307d2c51983d5b6",
                "sha256:b04f5dc6b3efdaab541f7857351aac359e6ae3c126e2edb376929bd3b7f92d7e",
                "sha256:b272d4cecc32c9e19911891446b72e986157e6a1809b7b56518b4f3755267523",
                "sha256:b361d369fc7e5e1714cf827b731ca32bff8d411212fccd29ad98ad622449cc36",
                "sha256:b96e7b9c624ef3ae2ae0e04fa9b460f6b9f17ad8b4bec6d7756510f1f6c0c841",
                "sha256:baf8aab04a2c0e859da118f0b38617e5ee65d75b83795055fb66c0d5e9e9b818",
                "sha256:bcc008217145b3d77abd3e4d5ef586e3bdfba8fe17940769f8aa09b99e856c00",
                "sha256:bd3f0091e845164a20bd5a326860c840fe2af79fa12e0469a12768a3ec578d80",
                "sha256:cc392fdcbd21d4be6ae1bb4475a03ce3b025cd49a9be5345d76d7585aea69440",
                "sha256:d73a3abcac238250091b11caef9ad12413dab01669511779bc9b29261dd50210",
                "sha256:f43740ab089277d403aa07567be138fc2a89d4d9892d113b76153e0e412409f8",
                "sha256:f65738447676ab5777f11e6bbbdb8ce11b785e105f690bc45966574816b6d3ea",
                "sha256:f79b231bf5c16b1f39c7f4875e1ded36abee1591e98742b05d8a0fb55d8a3eec",
                "sha256:fe6b44fb8fcdf7eda4ef4461b97b3f63c466b27ab151bec2366db8b197387841"
            ],
            "index": "pypi",
            "markers": "python_version >= '3.9'",
            "version": "==1.26.2"
        },
        "opencv-python": {
            "hashes": [
                "sha256:91d5f6f5209dc2635d496f6b8ca6573ecdad051a09e6b5de4c399b8e673c60da",
                "sha256:9814beca408d3a0eca1bae7e3e5be68b07c17ecceb392b94170881216e09b319",
                "sha256:a7aac3900fbacf55b551e7b53626c3dad4c71ce85643645c43e91fcb19045e47",
                "sha256:b983197f97cfa6fcb74e1da1802c7497a6f94ed561aba6980f1f33123f904956",
                "sha256:bc31f47e05447da8b3089faa0a07ffe80e114c91ce0b171e6424f9badbd1c5cd",
                "sha256:c4c406bdb41eb21ea51b4e90dfbc989c002786c3f601c236a99c59a54670a394",
                "sha256:cc7adbbcd1112877a39274106cb2752e04984bc01a031162952e97450d6117f6"
            ],
            "index": "pypi",
            "markers": "python_version >= '3.6'",
            "version": "==4.8.1.78"
        },
        "typing-extensions": {
            "hashes": [
                "sha256:8f92fc8806f9a6b641eaa5318da32b44d401efaac0f6678c9bc448ba3605faa0",
                "sha256:df8e4339e9cb77357558cbdbceca33c303714cf861d1eef15e1070055ae8b7ef"
            ],
            "markers": "python_version < '3.12'",
            "version": "==4.8.0"
        }
    },
    "develop": {}
}
