{
    "_meta": {
        "hash": {
            "sha256": "c48d0d69009b111f501ee7b95a6d7e58d26d8809a0c5794bf6ad0fb2c4ded254"
        },
        "pipfile-spec": 6,
        "requires": {
            "python_version": "3"
        },
        "sources": [
            {
                "name": "pypi",
                "url": "https://pypi.org/simple",
                "verify_ssl": true
            },
            {
                "name": "piwheels",
                "url": "https://www.piwheels.org/simple",
                "verify_ssl": true
            }
        ]
    },
    "default": {
        "bleak": {
            "hashes": [
                "sha256:b319adbedbe900426389024472fba929ec719da187089c98710f9d0aa05a8e6a",
                "sha256:ce5e3c04b09f9b5e1df1c54f5f3fca12faec6141ba2ed0941656f825fffb885f"
            ],
            "index": "pypi",
            "markers": "python_version >= '3.9'",
            "version": "==1.0.0"
        },
        "dbus-fast": {
            "hashes": [
                "sha256:0272784aceac821dd63c8187a8860179061a850269617ff5c5bd25ca37bf9307",
                "sha256:0c4a128f8b29941307fc5722f37a1bb87ddcf733188d917ab374d9da0c6e1ce7",
                "sha256:0d4288f2cba4f8309dcfd9f4392e0f4f2b5be6c796dfdb0c5e03228b1ab649b1",
                "sha256:161a3e6fc8783c30c9feb072e09604d96ec0c465b06bd35b6acc1a0316bd2a27",
                "sha256:1f38fb5c31846c3ada8fc2b693d8d19953d376a9ea21079e3686e93faa1f8a0f",
                "sha256:33772c223f5cef1bacc298e83dc04b27b3a47065b245fde766fcc126e761dca7",
                "sha256:35e3cde53cc9180ce95c6c84a1e8d1ded429031e4a0a182606e8d22cf57d3294",
                "sha256:36c44286b11e83977cd29f9551b66b446bb6890dff04585852d975aa3a038ca2",
                "sha256:39d4cc61e491e11912f76d70cc1c47387ab4f2e5b71f34bfa13eb11aa6026268",
                "sha256:3bd27563c11219b6fde7a5458141d860d8445c2defb036bab360d1f9bf1dfae0",
                "sha256:3dd0f8d41f6ab9d4a782c116470bc319d690f9b50c97b6debc6d1fef08e4615a",
                "sha256:4ec5db912bd4cfeadf7134163d6dde684271cd44cf26e3b4720107f3de406623",
                "sha256:50a9a4c6921f4b7446717fb4869750f54b561ce486b25b36550cb2a910c988d9",
                "sha256:55ad499b7ef08cb76fce9c9fdcdd6589d2ebfc7e53b3d261d8f40c6d97a8d901",
                "sha256:55d717865219ec2ae9977b6d067c05261cdc3ef6205c687c8bb92b3437886e58",
                "sha256:5dec134715457601c0fa8df3040a56d319de1a152464ae4d4bfc53bbb5c02e04",
                "sha256:5e3719399e687359b0ef66af1b720661dd4f12059db1c4f506e678569a2256b4",
                "sha256:65a634286651398f3f1326e8200fc54289d52c2c00249d29cacfc691660a5da1",
                "sha256:67febe6454e714d85a532bd84969001ed948bbaf1699a7e1e4c6abb5508c9522",
                "sha256:6ad99f626837753b39a39e09facd2091ee4851ee1eb6ebec5fa9a9a231734254",
                "sha256:806450623ef3f8df846524da7e448edc8174261a01cfd5dfda92e3df89c0de10",
                "sha256:80e3f42f982af45bcfa0ff23e808f3aa54a45fe4bf43aadd3beb5ace816fba76",
                "sha256:890f0fc046d5db66524ddedeca8c14b65739fbbf32d6488175c07428362bf250",
                "sha256:893509b516f2f24b4e3f09a6b1f3a30f856cf237cd773cdc505ea7ab4fa3c863",
                "sha256:89dc5db158bf9838979f732acc39e0e1ecd7e3295a09fa8adb93b09c097615a4",
                "sha256:89f2f6eccbb0e464b90e5a8741deb9d6a91873eeb41a8c7b963962b39eb1e0cd",
                "sha256:8b7ae16555df6b56d3befcc51e036779ef47c0e954fdb9fb0821ac25212aefe9",
                "sha256:9b3b10151f1140f7b6dd47a89fc37edd05d6213be0a1748eadba82fc144c05c2",
                "sha256:9d6e386658343db380b9e4e81b3bf4e3c17135dbb5889173b1f2582b675b9a8c",
                "sha256:a220a28e88062a2548f0c6da9eb15fb7e3af70eae56729fc3795ce3e3fba057d",
                "sha256:ad499de96a991287232749c98a59f2436ed260f6fd9ad4cb3b04a4b1bbbef148",
                "sha256:adaf459fbce22a63d3578f3ec782c6978edf975eb06d71fb5b7a690496cf6bbe",
                "sha256:afd81f483b3ffb71e88478cfabccc1fab8d7154fccb1c661bfafcff9b0cfd996",
                "sha256:b027e96c39ed5622bb54d811dcdbbe9d9d6edec3454808a85a1ceb1867d9e25c",
                "sha256:b40863de172031bcc02f54c6f05cccb0b882dc2e1b09e11314a8ccf38c558760",
                "sha256:bb74a227b071e1a7c517bf3a3e4a5a0a2660620084162e74f15010075534c9d5",
                "sha256:c78a004ba43aeaf203a19169d2b4be238375905645999da30cb0da730df80cf2",
                "sha256:db81275d708774f6a17c89f2e063398c0deb358c4d22b663a3dd99861f6683a4",
                "sha256:de871cf722c436bdcceb96b2a3af7084e1fa468f7916ae278ec8ec49a6fa7eef",
                "sha256:eed613a909a45f0e0a415c88b373024f007a9be56b1316812ed616d69a3b9161",
                "sha256:f11878c0c089d278861e48c02db8002496c2233b0f605b5630ef61f0b7fb0ea3",
                "sha256:f29a81d86c9ce3020a5df8c1e5557edaa00e1e00c9804ec874d46c99d967a686",
                "sha256:f3f30fb09f1ea13658fb4316511e27d6b94f8363b16f2d093efe73e6e289b740",
                "sha256:f7aa157f689a114bfb5367c55884d35e25d57cf25202a6590ce05010f929e7df",
                "sha256:f961d8bcad80359f24c0156b3094f58a87d583d56139ee50922fe5894b6797cf"
            ],
            "markers": "python_version >= '3.9'",
            "version": "==2.44.1"
        },
        "numpy": {
            "hashes": [
                "sha256:0025048b3c1557a20bc80d06fdeb8cc7fc193721484cca82b2cfa072fec71a93",
                "sha256:010ce9b4f00d5c036053ca684c77441f2f2c934fd23bee058b4d6f196efd8280",
                "sha256:0bb3a4a61e1d327e035275d2a993c96fa786e4913aa089843e6a2d9dd205c66a",
                "sha256:0c4d9e0a8368db90f93bd192bfa771ace63137c3488d198ee21dfb8e7771916e",
                "sha256:15aa4c392ac396e2ad3d0a2680c0f0dee420f9fed14eef09bdb9450ee6dcb7b7",
                "sha256:18703df6c4a4fee55fd3d6e5a253d01c5d33a295409b03fda0c86b3ca2ff41a1",
                "sha256:1ec9ae20a4226da374362cca3c62cd753faf2f951440b0e3b98e93c235441d2b",
                "sha256:23ab05b2d241f76cb883ce8b9a93a680752fbfcbd51c50eff0b88b979e471d8c",
                "sha256:25a1992b0a3fdcdaec9f552ef10d8103186f5397ab45e2d25f8ac51b1a6b97e8",
                "sha256:2959d8f268f3d8ee402b04a9ec4bb7604555aeacf78b360dc4ec27f1d508177d",
                "sha256:2a809637460e88a113e186e87f228d74ae2852a2e0c44de275263376f17b5bdc",
                "sha256:2fb86b7e58f9ac50e1e9dd1290154107e47d1eef23a0ae9145ded06ea606f992",
                "sha256:36890eb9e9d2081137bd78d29050ba63b8dab95dff7912eadf1185e80074b2a0",
                "sha256:39bff12c076812595c3a306f22bfe49919c5513aa1e0e70fac756a0be7c2a2b8",
                "sha256:467db865b392168ceb1ef1ffa6f5a86e62468c43e0cfb4ab6da667ede10e58db",
                "sha256:4e602e1b8682c2b833af89ba641ad4176053aaa50f5cacda1a27004352dde943",
                "sha256:5902660491bd7a48b2ec16c23ccb9124b8abfd9583c5fdfa123fe6b421e03de1",
                "sha256:5ccb7336eaf0e77c1635b232c141846493a588ec9ea777a7c24d7166bb8533ae",
                "sha256:5f1b8f26d1086835f442286c1d9b64bb3974b0b1e41bb105358fd07d20872952",
                "sha256:6269b9edfe32912584ec496d91b00b6d34282ca1d07eb10e82dfc780907d6c2e",
                "sha256:6ea9e48336a402551f52cd8f593343699003d2353daa4b72ce8d34f66b722070",
                "sha256:762e0c0c6b56bdedfef9a8e1d4538556438288c4276901ea008ae44091954e29",
                "sha256:7be91b2239af2658653c5bb6f1b8bccafaf08226a258caf78ce44710a0160d30",
                "sha256:7dea630156d39b02a63c18f508f85010230409db5b2927ba59c8ba4ab3e8272e",
                "sha256:867ef172a0976aaa1f1d1b63cf2090de8b636a7674607d514505fb7276ab08fc",
                "sha256:8d5ee6eec45f08ce507a6570e06f2f879b374a552087a4179ea7838edbcbfa42",
                "sha256:8e333040d069eba1652fb08962ec5b76af7f2c7bce1df7e1418c8055cf776f25",
                "sha256:a5ee121b60aa509679b682819c602579e1df14a5b07fe95671c8849aad8f2115",
                "sha256:a780033466159c2270531e2b8ac063704592a0bc62ec4a1b991c7c40705eb0e8",
                "sha256:a894f3816eb17b29e4783e5873f92faf55b710c2519e5c351767c51f79d8526d",
                "sha256:a8b740f5579ae4585831b3cf0e3b0425c667274f82a484866d2adf9570539369",
                "sha256:ad506d4b09e684394c42c966ec1527f6ebc25da7f4da4b1b056606ffe446b8a3",
                "sha256:afed2ce4a84f6b0fc6c1ce734ff368cbf5a5e24e8954a338f3bdffa0718adffb",
                "sha256:b0b5397374f32ec0649dd98c652a1798192042e715df918c20672c62fb52d4b8",
                "sha256:bada6058dd886061f10ea15f230ccf7dfff40572e99fef440a4a857c8728c9c0",
                "sha256:c4913079974eeb5c16ccfd2b1f09354b8fed7e0d6f2cab933104a09a6419b1ee",
                "sha256:c5bdf2015ccfcee8253fb8be695516ac4457c743473a43290fd36eba6a1777eb",
                "sha256:c6e0bf9d1a2f50d2b65a7cf56db37c095af17b59f6c132396f7c6d5dd76484df",
                "sha256:ce2ce9e5de4703a673e705183f64fd5da5bf36e7beddcb63a25ee2286e71ca48",
                "sha256:cfecc7822543abdea6de08758091da655ea2210b8ffa1faf116b940693d3df76",
                "sha256:d4580adadc53311b163444f877e0789f1c8861e2698f6b2a4ca852fda154f3ff",
                "sha256:d70f20df7f08b90a2062c1f07737dd340adccf2068d0f1b9b3d56e2038979fee",
                "sha256:e344eb79dab01f1e838ebb67aab09965fb271d6da6b00adda26328ac27d4a66e",
                "sha256:e610832418a2bc09d974cc9fecebfa51e9532d6190223bc5ef6a7402ebf3b5cb",
                "sha256:e772dda20a6002ef7061713dc1e2585bc1b534e7909b2030b5a46dae8ff077ab",
                "sha256:e7cbf5a5eafd8d230a3ce356d892512185230e4781a361229bd902ff403bc660",
                "sha256:eabd7e8740d494ce2b4ea0ff05afa1b7b291e978c0ae075487c51e8bd93c0c68",
                "sha256:ebb8603d45bc86bbd5edb0d63e52c5fd9e7945d3a503b77e486bd88dde67a19b",
                "sha256:ec0bdafa906f95adc9a0c6f26a4871fa753f25caaa0e032578a30457bff0af6a",
                "sha256:eccb9a159db9aed60800187bc47a6d3451553f0e1b08b068d8b277ddfbb9b244",
                "sha256:ee8340cb48c9b7a5899d1149eece41ca535513a9698098edbade2a8e7a84da77"
            ],
            "index": "pypi",
            "markers": "python_version >= '3.11'",
            "version": "==2.3.1"
        },
        "opencv-python": {
            "hashes": [
                "sha256:03d60ccae62304860d232272e4a4fda93c39d595780cb40b161b310244b736a4",
                "sha256:085ad9b77c18853ea66283e98affefe2de8cc4c1f43eda4c100cf9b2721142ec",
                "sha256:1b92ae2c8852208817e6776ba1ea0d6b1e0a1b5431e971a2a0ddd2a8cc398202",
                "sha256:432f67c223f1dc2824f5e73cdfcd9db0efc8710647d4e813012195dc9122a52a",
                "sha256:6b02611523803495003bd87362db3e1d2a0454a6a63025dc6658a9830570aa0d",
                "sha256:810549cb2a4aedaa84ad9a1c92fbfdfc14090e2749cedf2c1589ad8359aa169b",
                "sha256:9d05ef13d23fe97f575153558653e2d6e87103995d54e6a35db3f282fe1f9c66"
            ],
            "index": "pypi",
            "markers": "python_version >= '3.6'",
            "version": "==4.11.0.86"
        }
    },
    "develop": {}
}
